Microsoft Visual Studio Solution File, Format Version 12.00
# Visual Studio 17
VisualStudioVersion = 17.2.32630.192
MinimumVisualStudioVersion = 10.0.40219.1
Project("{FAE04EC0-301F-11D3-BF4B-00C04F79EFBC}") = "TKS", "TKS\TKS.csproj", "{7E9746E3-23C9-4579-8230-24F2C1FCE7A3}"
EndProject
Project("{FAE04EC0-301F-11D3-BF4B-00C04F79EFBC}") = "TKS_DB", "TKS_DB\TKS_DB.csproj", "{2A2456F7-842C-417C-9C5B-127E101A716E}"
EndProject
Project("{FAE04EC0-301F-11D3-BF4B-00C04F79EFBC}") = "TKS_Models", "TKS_Models\TKS_Models.csproj", "{8A91A8E5-5F48-4493-86BD-297CC751203F}"
EndProject
Project("{FAE04EC0-301F-11D3-BF4B-00C04F79EFBC}") = "Stubs", "Stubs\Stubs.csproj", "{D85524E2-748A-4582-848D-AB96F24EC830}"
EndProject
Global
	GlobalSection(SolutionConfigurationPlatforms) = preSolution
		Debug|Any CPU = Debug|Any CPU
		Debug|Mixed Platforms = Debug|Mixed Platforms
		Release|Any CPU = Release|Any CPU
		Release|Mixed Platforms = Release|Mixed Platforms
	EndGlobalSection
	GlobalSection(ProjectConfigurationPlatforms) = postSolution
		{7E9746E3-23C9-4579-8230-24F2C1FCE7A3}.Debug|Any CPU.ActiveCfg = Debug|Any CPU
		{7E9746E3-23C9-4579-8230-24F2C1FCE7A3}.Debug|Any CPU.Build.0 = Debug|Any CPU
		{7E9746E3-23C9-4579-8230-24F2C1FCE7A3}.Debug|Mixed Platforms.ActiveCfg = Debug|Any CPU
		{7E9746E3-23C9-4579-8230-24F2C1FCE7A3}.Debug|Mixed Platforms.Build.0 = Debug|Any CPU
		{7E9746E3-23C9-4579-8230-24F2C1FCE7A3}.Release|Any CPU.ActiveCfg = Release|Any CPU
		{7E9746E3-23C9-4579-8230-24F2C1FCE7A3}.Release|Any CPU.Build.0 = Release|Any CPU
		{7E9746E3-23C9-4579-8230-24F2C1FCE7A3}.Release|Mixed Platforms.ActiveCfg = Release|Any CPU
		{7E9746E3-23C9-4579-8230-24F2C1FCE7A3}.Release|Mixed Platforms.Build.0 = Release|Any CPU
		{2A2456F7-842C-417C-9C5B-127E101A716E}.Debug|Any CPU.ActiveCfg = Debug|Any CPU
		{2A2456F7-842C-417C-9C5B-127E101A716E}.Debug|Any CPU.Build.0 = Debug|Any CPU
		{2A2456F7-842C-417C-9C5B-127E101A716E}.Debug|Mixed Platforms.ActiveCfg = Debug|Any CPU
		{2A2456F7-842C-417C-9C5B-127E101A716E}.Debug|Mixed Platforms.Build.0 = Debug|Any CPU
		{2A2456F7-842C-417C-9C5B-127E101A716E}.Release|Any CPU.ActiveCfg = Release|Any CPU
		{2A2456F7-842C-417C-9C5B-127E101A716E}.Release|Any CPU.Build.0 = Release|Any CPU
		{2A2456F7-842C-417C-9C5B-127E101A716E}.Release|Mixed Platforms.ActiveCfg = Release|Any CPU
		{2A2456F7-842C-417C-9C5B-127E101A716E}.Release|Mixed Platforms.Build.0 = Release|Any CPU
		{8A91A8E5-5F48-4493-86BD-297CC751203F}.Debug|Any CPU.ActiveCfg = Debug|Any CPU
		{8A91A8E5-5F48-4493-86BD-297CC751203F}.Debug|Any CPU.Build.0 = Debug|Any CPU
		{8A91A8E5-5F48-4493-86BD-297CC751203F}.Debug|Mixed Platforms.ActiveCfg = Debug|Any CPU
		{8A91A8E5-5F48-4493-86BD-297CC751203F}.Debug|Mixed Platforms.Build.0 = Debug|Any CPU
		{8A91A8E5-5F48-4493-86BD-297CC751203F}.Release|Any CPU.ActiveCfg = Release|Any CPU
		{8A91A8E5-5F48-4493-86BD-297CC751203F}.Release|Any CPU.Build.0 = Release|Any CPU
		{8A91A8E5-5F48-4493-86BD-297CC751203F}.Release|Mixed Platforms.ActiveCfg = Release|Any CPU
		{8A91A8E5-5F48-4493-86BD-297CC751203F}.Release|Mixed Platforms.Build.0 = Release|Any CPU
		{D85524E2-748A-4582-848D-AB96F24EC830}.Debug|Any CPU.ActiveCfg = Debug|Any CPU
		{D85524E2-748A-4582-848D-AB96F24EC830}.Debug|Any CPU.Build.0 = Debug|Any CPU
		{D85524E2-748A-4582-848D-AB96F24EC830}.Debug|Mixed Platforms.ActiveCfg = Debug|Any CPU
		{D85524E2-748A-4582-848D-AB96F24EC830}.Debug|Mixed Platforms.Build.0 = Debug|Any CPU
		{D85524E2-748A-4582-848D-AB96F24EC830}.Release|Any CPU.ActiveCfg = Release|Any CPU
		{D85524E2-748A-4582-848D-AB96F24EC830}.Release|Any CPU.Build.0 = Release|Any CPU
		{D85524E2-748A-4582-848D-AB96F24EC830}.Release|Mixed Platforms.ActiveCfg = Release|Any CPU
		{D85524E2-748A-4582-848D-AB96F24EC830}.Release|Mixed Platforms.Build.0 = Release|Any CPU
	EndGlobalSection
	GlobalSection(SolutionProperties) = preSolution
		HideSolutionNode = FALSE
	EndGlobalSection
	GlobalSection(ExtensibilityGlobals) = postSolution
        SolutionGuid = {bd67e713-8c21-47fa-bc71-d040d3b090e3}
	EndGlobalSection
EndGlobal
